
Microsoft Visual Studio Solution File, Format Version 12.00
# Visual Studio Version 17
VisualStudioVersion = 17.10.35004.147
MinimumVisualStudioVersion = 10.0.40219.1
Project("{9A19103F-16F7-4668-BE54-9A1E7A4F7556}") = "OT.Assessment.App", "OT.Assessment.App\OT.Assessment.App.csproj", "{9C47B574-9401-48DD-AB40-48F0C9BA699A}"
EndProject
Project("{9A19103F-16F7-4668-BE54-9A1E7A4F7556}") = "OT.Assessment.Tester", "test\OT.Assessment.Tester\OT.Assessment.Tester.csproj", "{BF0CDF90-B607-4710-9F26-67E23498C865}"
EndProject
Project("{2150E333-8FDC-42A3-9474-1A3956D46DE8}") = "Solution Items", "Solution Items", "{7EFE3E75-8316-420D-AFA3-ECE90ECF22BB}"
	ProjectSection(SolutionItems) = preProject
		DatabaseGenerate.sql = DatabaseGenerate.sql
		README.md = README.md
	EndProjectSection
EndProject
Project("{2150E333-8FDC-42A3-9474-1A3956D46DE8}") = "src", "src", "{6FA7DAF4-446B-4610-9EDF-6E418255B176}"
EndProject
Project("{2150E333-8FDC-42A3-9474-1A3956D46DE8}") = "tester", "tester", "{B4795B8C-CE52-404F-AA64-6D8AA8734A96}"
EndProject
Project("{9A19103F-16F7-4668-BE54-9A1E7A4F7556}") = "OT.Assessment.Core.Domain", "OT.Assessment.Domain\OT.Assessment.Core.Domain.csproj", "{67FDEF06-9558-4289-BCF2-65240A359388}"
EndProject
Project("{9A19103F-16F7-4668-BE54-9A1E7A4F7556}") = "OT.Assessment.Core.Services", "OT.Assessment.Core.Services\OT.Assessment.Core.Services.csproj", "{B876F500-D4EF-44AA-9C33-3CAC069B851E}"
EndProject
Project("{2150E333-8FDC-42A3-9474-1A3956D46DE8}") = "OT.Assessment.Core", "OT.Assessment.Core", "{8BC182B7-4419-44DF-9AF9-DDE892028248}"
EndProject
Project("{2150E333-8FDC-42A3-9474-1A3956D46DE8}") = "OT.Assessment.Infrastructure", "OT.Assessment.Infrastructure", "{B61E1B9E-A596-441E-B5E6-0AA1B4EB881F}"
EndProject
Project("{9A19103F-16F7-4668-BE54-9A1E7A4F7556}") = "OT.Assessment.Infrastructure.Service", "OT.Assessment.Infrastructure.Service\OT.Assessment.Infrastructure.Service.csproj", "{F2953A3A-0C9F-46AD-96C2-D89E9D014106}"
EndProject
Project("{9A19103F-16F7-4668-BE54-9A1E7A4F7556}") = "OT.Assessment.Core.Repository", "OT.Assessment.Core.Repository\OT.Assessment.Core.Repository.csproj", "{8CB26DEA-68D7-40F0-ADE8-733F835406F1}"
EndProject
Project("{9A19103F-16F7-4668-BE54-9A1E7A4F7556}") = "OT.Assessment.Infrastructure.Repository", "OT.Assessment.Infrastructure.Repository\OT.Assessment.Infrastructure.Repository.csproj", "{00DE70CB-C3C4-4E82-9697-6A54E5D18C99}"
EndProject
Project("{9A19103F-16F7-4668-BE54-9A1E7A4F7556}") = "OT.Assessment.Infrastructure.Persistence", "OT.Assessment.Infrastructure.Persistence\OT.Assessment.Infrastructure.Persistence.csproj", "{97F0576E-0398-44D5-9ED8-7873B65FE2AC}"
EndProject
Project("{FAE04EC0-301F-11D3-BF4B-00C04F79EFBC}") = "OT.Assessment.MyConsumer", "OT.Assessment.MyConsumer\OT.Assessment.MyConsumer.csproj", "{1D440E92-58EB-42C6-9A75-90B0CD40CAED}"
EndProject
Global
	GlobalSection(SolutionConfigurationPlatforms) = preSolution
		Debug|Any CPU = Debug|Any CPU
		Release|Any CPU = Release|Any CPU
	EndGlobalSection
	GlobalSection(ProjectConfigurationPlatforms) = postSolution
		{9C47B574-9401-48DD-AB40-48F0C9BA699A}.Debug|Any CPU.ActiveCfg = Debug|Any CPU
		{9C47B574-9401-48DD-AB40-48F0C9BA699A}.Debug|Any CPU.Build.0 = Debug|Any CPU
		{9C47B574-9401-48DD-AB40-48F0C9BA699A}.Release|Any CPU.ActiveCfg = Release|Any CPU
		{9C47B574-9401-48DD-AB40-48F0C9BA699A}.Release|Any CPU.Build.0 = Release|Any CPU
		{BF0CDF90-B607-4710-9F26-67E23498C865}.Debug|Any CPU.ActiveCfg = Debug|Any CPU
		{BF0CDF90-B607-4710-9F26-67E23498C865}.Debug|Any CPU.Build.0 = Debug|Any CPU
		{BF0CDF90-B607-4710-9F26-67E23498C865}.Release|Any CPU.ActiveCfg = Release|Any CPU
		{BF0CDF90-B607-4710-9F26-67E23498C865}.Release|Any CPU.Build.0 = Release|Any CPU
		{67FDEF06-9558-4289-BCF2-65240A359388}.Debug|Any CPU.ActiveCfg = Debug|Any CPU
		{67FDEF06-9558-4289-BCF2-65240A359388}.Debug|Any CPU.Build.0 = Debug|Any CPU
		{67FDEF06-9558-4289-BCF2-65240A359388}.Release|Any CPU.ActiveCfg = Release|Any CPU
		{67FDEF06-9558-4289-BCF2-65240A359388}.Release|Any CPU.Build.0 = Release|Any CPU
		{B876F500-D4EF-44AA-9C33-3CAC069B851E}.Debug|Any CPU.ActiveCfg = Debug|Any CPU
		{B876F500-D4EF-44AA-9C33-3CAC069B851E}.Debug|Any CPU.Build.0 = Debug|Any CPU
		{B876F500-D4EF-44AA-9C33-3CAC069B851E}.Release|Any CPU.ActiveCfg = Release|Any CPU
		{B876F500-D4EF-44AA-9C33-3CAC069B851E}.Release|Any CPU.Build.0 = Release|Any CPU
		{F2953A3A-0C9F-46AD-96C2-D89E9D014106}.Debug|Any CPU.ActiveCfg = Debug|Any CPU
		{F2953A3A-0C9F-46AD-96C2-D89E9D014106}.Debug|Any CPU.Build.0 = Debug|Any CPU
		{F2953A3A-0C9F-46AD-96C2-D89E9D014106}.Release|Any CPU.ActiveCfg = Release|Any CPU
		{F2953A3A-0C9F-46AD-96C2-D89E9D014106}.Release|Any CPU.Build.0 = Release|Any CPU
		{8CB26DEA-68D7-40F0-ADE8-733F835406F1}.Debug|Any CPU.ActiveCfg = Debug|Any CPU
		{8CB26DEA-68D7-40F0-ADE8-733F835406F1}.Debug|Any CPU.Build.0 = Debug|Any CPU
		{8CB26DEA-68D7-40F0-ADE8-733F835406F1}.Release|Any CPU.ActiveCfg = Release|Any CPU
		{8CB26DEA-68D7-40F0-ADE8-733F835406F1}.Release|Any CPU.Build.0 = Release|Any CPU
		{00DE70CB-C3C4-4E82-9697-6A54E5D18C99}.Debug|Any CPU.ActiveCfg = Debug|Any CPU
		{00DE70CB-C3C4-4E82-9697-6A54E5D18C99}.Debug|Any CPU.Build.0 = Debug|Any CPU
		{00DE70CB-C3C4-4E82-9697-6A54E5D18C99}.Release|Any CPU.ActiveCfg = Release|Any CPU
		{00DE70CB-C3C4-4E82-9697-6A54E5D18C99}.Release|Any CPU.Build.0 = Release|Any CPU
		{97F0576E-0398-44D5-9ED8-7873B65FE2AC}.Debug|Any CPU.ActiveCfg = Debug|Any CPU
		{97F0576E-0398-44D5-9ED8-7873B65FE2AC}.Debug|Any CPU.Build.0 = Debug|Any CPU
		{97F0576E-0398-44D5-9ED8-7873B65FE2AC}.Release|Any CPU.ActiveCfg = Release|Any CPU
		{97F0576E-0398-44D5-9ED8-7873B65FE2AC}.Release|Any CPU.Build.0 = Release|Any CPU
		{1D440E92-58EB-42C6-9A75-90B0CD40CAED}.Debug|Any CPU.ActiveCfg = Debug|Any CPU
		{1D440E92-58EB-42C6-9A75-90B0CD40CAED}.Debug|Any CPU.Build.0 = Debug|Any CPU
		{1D440E92-58EB-42C6-9A75-90B0CD40CAED}.Release|Any CPU.ActiveCfg = Release|Any CPU
		{1D440E92-58EB-42C6-9A75-90B0CD40CAED}.Release|Any CPU.Build.0 = Release|Any CPU
	EndGlobalSection
	GlobalSection(SolutionProperties) = preSolution
		HideSolutionNode = FALSE
	EndGlobalSection
	GlobalSection(NestedProjects) = preSolution
		{9C47B574-9401-48DD-AB40-48F0C9BA699A} = {6FA7DAF4-446B-4610-9EDF-6E418255B176}
		{BF0CDF90-B607-4710-9F26-67E23498C865} = {B4795B8C-CE52-404F-AA64-6D8AA8734A96}
		{67FDEF06-9558-4289-BCF2-65240A359388} = {8BC182B7-4419-44DF-9AF9-DDE892028248}
		{B876F500-D4EF-44AA-9C33-3CAC069B851E} = {8BC182B7-4419-44DF-9AF9-DDE892028248}
		{8BC182B7-4419-44DF-9AF9-DDE892028248} = {6FA7DAF4-446B-4610-9EDF-6E418255B176}
		{B61E1B9E-A596-441E-B5E6-0AA1B4EB881F} = {6FA7DAF4-446B-4610-9EDF-6E418255B176}
		{F2953A3A-0C9F-46AD-96C2-D89E9D014106} = {B61E1B9E-A596-441E-B5E6-0AA1B4EB881F}
		{8CB26DEA-68D7-40F0-ADE8-733F835406F1} = {8BC182B7-4419-44DF-9AF9-DDE892028248}
		{00DE70CB-C3C4-4E82-9697-6A54E5D18C99} = {B61E1B9E-A596-441E-B5E6-0AA1B4EB881F}
		{97F0576E-0398-44D5-9ED8-7873B65FE2AC} = {B61E1B9E-A596-441E-B5E6-0AA1B4EB881F}
		{1D440E92-58EB-42C6-9A75-90B0CD40CAED} = {6FA7DAF4-446B-4610-9EDF-6E418255B176}
	EndGlobalSection
	GlobalSection(ExtensibilityGlobals) = postSolution
		SolutionGuid = {C56C9633-4971-45FE-9CB3-E2F07E649A77}
	EndGlobalSection
EndGlobal
